
Microsoft Visual Studio Solution File, Format Version 12.00
# Visual Studio Version 17
VisualStudioVersion = 17.8.34330.188
MinimumVisualStudioVersion = 10.0.40219.1
Project("{FAE04EC0-301F-11D3-BF4B-00C04F79EFBC}") = "InterviewPrepApi", "InterviewPrepApi\InterviewPrepApi.csproj", "{C47C53F9-5C51-4604-9745-3D844F4FF9DA}"
EndProject
Global
	GlobalSection(SolutionConfigurationPlatforms) = preSolution
		Debug|Any CPU = Debug|Any CPU
		Release|Any CPU = Release|Any CPU
	EndGlobalSection
	GlobalSection(ProjectConfigurationPlatforms) = postSolution
		{C47C53F9-5C51-4604-9745-3D844F4FF9DA}.Debug|Any CPU.ActiveCfg = Debug|Any CPU
		{C47C53F9-5C51-4604-9745-3D844F4FF9DA}.Debug|Any CPU.Build.0 = Debug|Any CPU
		{C47C53F9-5C51-4604-9745-3D844F4FF9DA}.Release|Any CPU.ActiveCfg = Release|Any CPU
		{C47C53F9-5C51-4604-9745-3D844F4FF9DA}.Release|Any CPU.Build.0 = Release|Any CPU
	EndGlobalSection
	GlobalSection(SolutionProperties) = preSolution
		HideSolutionNode = FALSE
	EndGlobalSection
	GlobalSection(ExtensibilityGlobals) = postSolution
		SolutionGuid = {5AF6DC5B-40EA-4116-847B-9F45A08D0DF9}
	EndGlobalSection
EndGlobal
